
Microsoft Visual Studio Solution File, Format Version 12.00
# Visual Studio Version 16
VisualStudioVersion = 16.0.31321.278
MinimumVisualStudioVersion = 10.0.40219.1
Project("{FAE04EC0-301F-11D3-BF4B-00C04F79EFBC}") = "user-stuff-share-app", "user-stuff-share-app.csproj", "{9EB1A137-456E-479F-925C-839C3E89D17D}"
EndProject
Global
	GlobalSection(SolutionConfigurationPlatforms) = preSolution
		Debug|Any CPU = Debug|Any CPU
		Release|Any CPU = Release|Any CPU
	EndGlobalSection
	GlobalSection(ProjectConfigurationPlatforms) = postSolution
		{9EB1A137-456E-479F-925C-839C3E89D17D}.Debug|Any CPU.ActiveCfg = Debug|Any CPU
		{9EB1A137-456E-479F-925C-839C3E89D17D}.Debug|Any CPU.Build.0 = Debug|Any CPU
		{9EB1A137-456E-479F-925C-839C3E89D17D}.Release|Any CPU.ActiveCfg = Release|Any CPU
		{9EB1A137-456E-479F-925C-839C3E89D17D}.Release|Any CPU.Build.0 = Release|Any CPU
	EndGlobalSection
	GlobalSection(SolutionProperties) = preSolution
		HideSolutionNode = FALSE
	EndGlobalSection
	GlobalSection(ExtensibilityGlobals) = postSolution
		SolutionGuid = {2018D7F2-FA2D-4251-A7DC-0288BEEC4A5E}
	EndGlobalSection
EndGlobal
